
Microsoft Visual Studio Solution File, Format Version 12.00
# Visual Studio Version 17
VisualStudioVersion = 17.0.31903.59
MinimumVisualStudioVersion = 10.0.40219.1
Project("{2150E333-8FDC-42A3-9474-1A3956D46DE8}") = "src", "src", "{CA653ACD-C3A4-493D-B65E-C823CD3E7495}"
EndProject
Project("{FAE04EC0-301F-11D3-BF4B-00C04F79EFBC}") = "MindSharper.Application", "src\MindSharper.Application\MindSharper.Application.csproj", "{B8872D13-B735-4C99-9A67-50BCE1CBC452}"
EndProject
Project("{FAE04EC0-301F-11D3-BF4B-00C04F79EFBC}") = "MindSharper.Domain", "src\MindSharper.Domain\MindSharper.Domain.csproj", "{DE8A3CD1-BDF7-4A7E-A1EE-7B1CDEFD00A4}"
EndProject
Project("{FAE04EC0-301F-11D3-BF4B-00C04F79EFBC}") = "MindSharper.Infrastructure", "src\MindSharper.Infrastructure\MindSharper.Infrastructure.csproj", "{E5B9ACF0-37D0-4D80-B6D8-305A29E47EF9}"
EndProject
Project("{2150E333-8FDC-42A3-9474-1A3956D46DE8}") = "tests", "tests", "{337DE619-73C7-43E2-87E7-59C1FB32067A}"
EndProject
Project("{FAE04EC0-301F-11D3-BF4B-00C04F79EFBC}") = "MindSharper.API.Tests", "tests\MindSharper.API.Tests\MindSharper.API.Tests.csproj", "{456A8F19-3F69-4300-8D14-70AAA6AACCB0}"
EndProject
Project("{FAE04EC0-301F-11D3-BF4B-00C04F79EFBC}") = "MindSharper.Application.Tests", "tests\MindSharper.Application.Tests\MindSharper.Application.Tests.csproj", "{170C69E3-34AC-4DD5-B6C7-6126030FBEE0}"
EndProject
Project("{FAE04EC0-301F-11D3-BF4B-00C04F79EFBC}") = "MindSharper.Infrastructure.Tests", "tests\MindSharper.Infrastructure.Tests\MindSharper.Infrastructure.Tests.csproj", "{E26DA27E-9C7C-4CEC-B58A-52E5EC69546D}"
EndProject
Project("{FAE04EC0-301F-11D3-BF4B-00C04F79EFBC}") = "MindSharper.Tests.Common", "tests\MindSharper.Tests.Common\MindSharper.Tests.Common.csproj", "{10167F14-4F90-493B-855C-4287B21E3F24}"
EndProject
Project("{2150E333-8FDC-42A3-9474-1A3956D46DE8}") = "MindSharper.Presentation", "MindSharper.Presentation", "{C515BB6C-45AF-4912-8036-73584FEAA0B0}"
EndProject
Project("{FAE04EC0-301F-11D3-BF4B-00C04F79EFBC}") = "MindSharper.Presentation.API", "src\MindSharper.Presentation\MindSharper.Presentation.API\MindSharper.Presentation.API.csproj", "{B0E48DDF-5531-4616-9D1A-6873E54BF1CD}"
EndProject
Project("{FAE04EC0-301F-11D3-BF4B-00C04F79EFBC}") = "MindSharper.Presentation.UI", "src\MindSharper.Presentation\MindSharper.Presentation.UI\MindSharper.Presentation.UI.csproj", "{D20826B8-67D0-44DA-BA5D-34D3E3CFF707}"
EndProject
Global
	GlobalSection(SolutionProperties) = preSolution
		HideSolutionNode = FALSE
	EndGlobalSection
	GlobalSection(SolutionConfigurationPlatforms) = preSolution
		Debug|Any CPU = Debug|Any CPU
		Debug|x64 = Debug|x64
		Debug|x86 = Debug|x86
		Release|Any CPU = Release|Any CPU
		Release|x64 = Release|x64
		Release|x86 = Release|x86
	EndGlobalSection
	GlobalSection(ProjectConfigurationPlatforms) = postSolution
		{B8872D13-B735-4C99-9A67-50BCE1CBC452}.Debug|Any CPU.ActiveCfg = Debug|Any CPU
		{B8872D13-B735-4C99-9A67-50BCE1CBC452}.Debug|Any CPU.Build.0 = Debug|Any CPU
		{B8872D13-B735-4C99-9A67-50BCE1CBC452}.Debug|x64.ActiveCfg = Debug|Any CPU
		{B8872D13-B735-4C99-9A67-50BCE1CBC452}.Debug|x64.Build.0 = Debug|Any CPU
		{B8872D13-B735-4C99-9A67-50BCE1CBC452}.Debug|x86.ActiveCfg = Debug|Any CPU
		{B8872D13-B735-4C99-9A67-50BCE1CBC452}.Debug|x86.Build.0 = Debug|Any CPU
		{B8872D13-B735-4C99-9A67-50BCE1CBC452}.Release|Any CPU.ActiveCfg = Release|Any CPU
		{B8872D13-B735-4C99-9A67-50BCE1CBC452}.Release|Any CPU.Build.0 = Release|Any CPU
		{B8872D13-B735-4C99-9A67-50BCE1CBC452}.Release|x64.ActiveCfg = Release|Any CPU
		{B8872D13-B735-4C99-9A67-50BCE1CBC452}.Release|x64.Build.0 = Release|Any CPU
		{B8872D13-B735-4C99-9A67-50BCE1CBC452}.Release|x86.ActiveCfg = Release|Any CPU
		{B8872D13-B735-4C99-9A67-50BCE1CBC452}.Release|x86.Build.0 = Release|Any CPU
		{DE8A3CD1-BDF7-4A7E-A1EE-7B1CDEFD00A4}.Debug|Any CPU.ActiveCfg = Debug|Any CPU
		{DE8A3CD1-BDF7-4A7E-A1EE-7B1CDEFD00A4}.Debug|Any CPU.Build.0 = Debug|Any CPU
		{DE8A3CD1-BDF7-4A7E-A1EE-7B1CDEFD00A4}.Debug|x64.ActiveCfg = Debug|Any CPU
		{DE8A3CD1-BDF7-4A7E-A1EE-7B1CDEFD00A4}.Debug|x64.Build.0 = Debug|Any CPU
		{DE8A3CD1-BDF7-4A7E-A1EE-7B1CDEFD00A4}.Debug|x86.ActiveCfg = Debug|Any CPU
		{DE8A3CD1-BDF7-4A7E-A1EE-7B1CDEFD00A4}.Debug|x86.Build.0 = Debug|Any CPU
		{DE8A3CD1-BDF7-4A7E-A1EE-7B1CDEFD00A4}.Release|Any CPU.ActiveCfg = Release|Any CPU
		{DE8A3CD1-BDF7-4A7E-A1EE-7B1CDEFD00A4}.Release|Any CPU.Build.0 = Release|Any CPU
		{DE8A3CD1-BDF7-4A7E-A1EE-7B1CDEFD00A4}.Release|x64.ActiveCfg = Release|Any CPU
		{DE8A3CD1-BDF7-4A7E-A1EE-7B1CDEFD00A4}.Release|x64.Build.0 = Release|Any CPU
		{DE8A3CD1-BDF7-4A7E-A1EE-7B1CDEFD00A4}.Release|x86.ActiveCfg = Release|Any CPU
		{DE8A3CD1-BDF7-4A7E-A1EE-7B1CDEFD00A4}.Release|x86.Build.0 = Release|Any CPU
		{E5B9ACF0-37D0-4D80-B6D8-305A29E47EF9}.Debug|Any CPU.ActiveCfg = Debug|Any CPU
		{E5B9ACF0-37D0-4D80-B6D8-305A29E47EF9}.Debug|Any CPU.Build.0 = Debug|Any CPU
		{E5B9ACF0-37D0-4D80-B6D8-305A29E47EF9}.Debug|x64.ActiveCfg = Debug|Any CPU
		{E5B9ACF0-37D0-4D80-B6D8-305A29E47EF9}.Debug|x64.Build.0 = Debug|Any CPU
		{E5B9ACF0-37D0-4D80-B6D8-305A29E47EF9}.Debug|x86.ActiveCfg = Debug|Any CPU
		{E5B9ACF0-37D0-4D80-B6D8-305A29E47EF9}.Debug|x86.Build.0 = Debug|Any CPU
		{E5B9ACF0-37D0-4D80-B6D8-305A29E47EF9}.Release|Any CPU.ActiveCfg = Release|Any CPU
		{E5B9ACF0-37D0-4D80-B6D8-305A29E47EF9}.Release|Any CPU.Build.0 = Release|Any CPU
		{E5B9ACF0-37D0-4D80-B6D8-305A29E47EF9}.Release|x64.ActiveCfg = Release|Any CPU
		{E5B9ACF0-37D0-4D80-B6D8-305A29E47EF9}.Release|x64.Build.0 = Release|Any CPU
		{E5B9ACF0-37D0-4D80-B6D8-305A29E47EF9}.Release|x86.ActiveCfg = Release|Any CPU
		{E5B9ACF0-37D0-4D80-B6D8-305A29E47EF9}.Release|x86.Build.0 = Release|Any CPU
		{456A8F19-3F69-4300-8D14-70AAA6AACCB0}.Debug|Any CPU.ActiveCfg = Debug|Any CPU
		{456A8F19-3F69-4300-8D14-70AAA6AACCB0}.Debug|Any CPU.Build.0 = Debug|Any CPU
		{456A8F19-3F69-4300-8D14-70AAA6AACCB0}.Debug|x64.ActiveCfg = Debug|Any CPU
		{456A8F19-3F69-4300-8D14-70AAA6AACCB0}.Debug|x64.Build.0 = Debug|Any CPU
		{456A8F19-3F69-4300-8D14-70AAA6AACCB0}.Debug|x86.ActiveCfg = Debug|Any CPU
		{456A8F19-3F69-4300-8D14-70AAA6AACCB0}.Debug|x86.Build.0 = Debug|Any CPU
		{456A8F19-3F69-4300-8D14-70AAA6AACCB0}.Release|Any CPU.ActiveCfg = Release|Any CPU
		{456A8F19-3F69-4300-8D14-70AAA6AACCB0}.Release|Any CPU.Build.0 = Release|Any CPU
		{456A8F19-3F69-4300-8D14-70AAA6AACCB0}.Release|x64.ActiveCfg = Release|Any CPU
		{456A8F19-3F69-4300-8D14-70AAA6AACCB0}.Release|x64.Build.0 = Release|Any CPU
		{456A8F19-3F69-4300-8D14-70AAA6AACCB0}.Release|x86.ActiveCfg = Release|Any CPU
		{456A8F19-3F69-4300-8D14-70AAA6AACCB0}.Release|x86.Build.0 = Release|Any CPU
		{170C69E3-34AC-4DD5-B6C7-6126030FBEE0}.Debug|Any CPU.ActiveCfg = Debug|Any CPU
		{170C69E3-34AC-4DD5-B6C7-6126030FBEE0}.Debug|Any CPU.Build.0 = Debug|Any CPU
		{170C69E3-34AC-4DD5-B6C7-6126030FBEE0}.Debug|x64.ActiveCfg = Debug|Any CPU
		{170C69E3-34AC-4DD5-B6C7-6126030FBEE0}.Debug|x64.Build.0 = Debug|Any CPU
		{170C69E3-34AC-4DD5-B6C7-6126030FBEE0}.Debug|x86.ActiveCfg = Debug|Any CPU
		{170C69E3-34AC-4DD5-B6C7-6126030FBEE0}.Debug|x86.Build.0 = Debug|Any CPU
		{170C69E3-34AC-4DD5-B6C7-6126030FBEE0}.Release|Any CPU.ActiveCfg = Release|Any CPU
		{170C69E3-34AC-4DD5-B6C7-6126030FBEE0}.Release|Any CPU.Build.0 = Release|Any CPU
		{170C69E3-34AC-4DD5-B6C7-6126030FBEE0}.Release|x64.ActiveCfg = Release|Any CPU
		{170C69E3-34AC-4DD5-B6C7-6126030FBEE0}.Release|x64.Build.0 = Release|Any CPU
		{170C69E3-34AC-4DD5-B6C7-6126030FBEE0}.Release|x86.ActiveCfg = Release|Any CPU
		{170C69E3-34AC-4DD5-B6C7-6126030FBEE0}.Release|x86.Build.0 = Release|Any CPU
		{E26DA27E-9C7C-4CEC-B58A-52E5EC69546D}.Debug|Any CPU.ActiveCfg = Debug|Any CPU
		{E26DA27E-9C7C-4CEC-B58A-52E5EC69546D}.Debug|Any CPU.Build.0 = Debug|Any CPU
		{E26DA27E-9C7C-4CEC-B58A-52E5EC69546D}.Debug|x64.ActiveCfg = Debug|Any CPU
		{E26DA27E-9C7C-4CEC-B58A-52E5EC69546D}.Debug|x64.Build.0 = Debug|Any CPU
		{E26DA27E-9C7C-4CEC-B58A-52E5EC69546D}.Debug|x86.ActiveCfg = Debug|Any CPU
		{E26DA27E-9C7C-4CEC-B58A-52E5EC69546D}.Debug|x86.Build.0 = Debug|Any CPU
		{E26DA27E-9C7C-4CEC-B58A-52E5EC69546D}.Release|Any CPU.ActiveCfg = Release|Any CPU
		{E26DA27E-9C7C-4CEC-B58A-52E5EC69546D}.Release|Any CPU.Build.0 = Release|Any CPU
		{E26DA27E-9C7C-4CEC-B58A-52E5EC69546D}.Release|x64.ActiveCfg = Release|Any CPU
		{E26DA27E-9C7C-4CEC-B58A-52E5EC69546D}.Release|x64.Build.0 = Release|Any CPU
		{E26DA27E-9C7C-4CEC-B58A-52E5EC69546D}.Release|x86.ActiveCfg = Release|Any CPU
		{E26DA27E-9C7C-4CEC-B58A-52E5EC69546D}.Release|x86.Build.0 = Release|Any CPU
		{10167F14-4F90-493B-855C-4287B21E3F24}.Debug|Any CPU.ActiveCfg = Debug|Any CPU
		{10167F14-4F90-493B-855C-4287B21E3F24}.Debug|Any CPU.Build.0 = Debug|Any CPU
		{10167F14-4F90-493B-855C-4287B21E3F24}.Debug|x64.ActiveCfg = Debug|Any CPU
		{10167F14-4F90-493B-855C-4287B21E3F24}.Debug|x64.Build.0 = Debug|Any CPU
		{10167F14-4F90-493B-855C-4287B21E3F24}.Debug|x86.ActiveCfg = Debug|Any CPU
		{10167F14-4F90-493B-855C-4287B21E3F24}.Debug|x86.Build.0 = Debug|Any CPU
		{10167F14-4F90-493B-855C-4287B21E3F24}.Release|Any CPU.ActiveCfg = Release|Any CPU
		{10167F14-4F90-493B-855C-4287B21E3F24}.Release|Any CPU.Build.0 = Release|Any CPU
		{10167F14-4F90-493B-855C-4287B21E3F24}.Release|x64.ActiveCfg = Release|Any CPU
		{10167F14-4F90-493B-855C-4287B21E3F24}.Release|x64.Build.0 = Release|Any CPU
		{10167F14-4F90-493B-855C-4287B21E3F24}.Release|x86.ActiveCfg = Release|Any CPU
		{10167F14-4F90-493B-855C-4287B21E3F24}.Release|x86.Build.0 = Release|Any CPU
		{B0E48DDF-5531-4616-9D1A-6873E54BF1CD}.Debug|Any CPU.ActiveCfg = Debug|Any CPU
		{B0E48DDF-5531-4616-9D1A-6873E54BF1CD}.Debug|Any CPU.Build.0 = Debug|Any CPU
		{B0E48DDF-5531-4616-9D1A-6873E54BF1CD}.Debug|x64.ActiveCfg = Debug|Any CPU
		{B0E48DDF-5531-4616-9D1A-6873E54BF1CD}.Debug|x64.Build.0 = Debug|Any CPU
		{B0E48DDF-5531-4616-9D1A-6873E54BF1CD}.Debug|x86.ActiveCfg = Debug|Any CPU
		{B0E48DDF-5531-4616-9D1A-6873E54BF1CD}.Debug|x86.Build.0 = Debug|Any CPU
		{B0E48DDF-5531-4616-9D1A-6873E54BF1CD}.Release|Any CPU.ActiveCfg = Release|Any CPU
		{B0E48DDF-5531-4616-9D1A-6873E54BF1CD}.Release|Any CPU.Build.0 = Release|Any CPU
		{B0E48DDF-5531-4616-9D1A-6873E54BF1CD}.Release|x64.ActiveCfg = Release|Any CPU
		{B0E48DDF-5531-4616-9D1A-6873E54BF1CD}.Release|x64.Build.0 = Release|Any CPU
		{B0E48DDF-5531-4616-9D1A-6873E54BF1CD}.Release|x86.ActiveCfg = Release|Any CPU
		{B0E48DDF-5531-4616-9D1A-6873E54BF1CD}.Release|x86.Build.0 = Release|Any CPU
		{D20826B8-67D0-44DA-BA5D-34D3E3CFF707}.Debug|Any CPU.ActiveCfg = Debug|Any CPU
		{D20826B8-67D0-44DA-BA5D-34D3E3CFF707}.Debug|Any CPU.Build.0 = Debug|Any CPU
		{D20826B8-67D0-44DA-BA5D-34D3E3CFF707}.Debug|x64.ActiveCfg = Debug|Any CPU
		{D20826B8-67D0-44DA-BA5D-34D3E3CFF707}.Debug|x64.Build.0 = Debug|Any CPU
		{D20826B8-67D0-44DA-BA5D-34D3E3CFF707}.Debug|x86.ActiveCfg = Debug|Any CPU
		{D20826B8-67D0-44DA-BA5D-34D3E3CFF707}.Debug|x86.Build.0 = Debug|Any CPU
		{D20826B8-67D0-44DA-BA5D-34D3E3CFF707}.Release|Any CPU.ActiveCfg = Release|Any CPU
		{D20826B8-67D0-44DA-BA5D-34D3E3CFF707}.Release|Any CPU.Build.0 = Release|Any CPU
		{D20826B8-67D0-44DA-BA5D-34D3E3CFF707}.Release|x64.ActiveCfg = Release|Any CPU
		{D20826B8-67D0-44DA-BA5D-34D3E3CFF707}.Release|x64.Build.0 = Release|Any CPU
		{D20826B8-67D0-44DA-BA5D-34D3E3CFF707}.Release|x86.ActiveCfg = Release|Any CPU
		{D20826B8-67D0-44DA-BA5D-34D3E3CFF707}.Release|x86.Build.0 = Release|Any CPU
	EndGlobalSection
	GlobalSection(NestedProjects) = preSolution
		{B8872D13-B735-4C99-9A67-50BCE1CBC452} = {CA653ACD-C3A4-493D-B65E-C823CD3E7495}
		{DE8A3CD1-BDF7-4A7E-A1EE-7B1CDEFD00A4} = {CA653ACD-C3A4-493D-B65E-C823CD3E7495}
		{E5B9ACF0-37D0-4D80-B6D8-305A29E47EF9} = {CA653ACD-C3A4-493D-B65E-C823CD3E7495}
		{456A8F19-3F69-4300-8D14-70AAA6AACCB0} = {337DE619-73C7-43E2-87E7-59C1FB32067A}
		{170C69E3-34AC-4DD5-B6C7-6126030FBEE0} = {337DE619-73C7-43E2-87E7-59C1FB32067A}
		{E26DA27E-9C7C-4CEC-B58A-52E5EC69546D} = {337DE619-73C7-43E2-87E7-59C1FB32067A}
		{10167F14-4F90-493B-855C-4287B21E3F24} = {337DE619-73C7-43E2-87E7-59C1FB32067A}
		{C515BB6C-45AF-4912-8036-73584FEAA0B0} = {CA653ACD-C3A4-493D-B65E-C823CD3E7495}
		{B0E48DDF-5531-4616-9D1A-6873E54BF1CD} = {C515BB6C-45AF-4912-8036-73584FEAA0B0}
		{D20826B8-67D0-44DA-BA5D-34D3E3CFF707} = {C515BB6C-45AF-4912-8036-73584FEAA0B0}
	EndGlobalSection
EndGlobal
